
Microsoft Visual Studio Solution File, Format Version 12.00
# Visual Studio Version 16
VisualStudioVersion = 16.0.30907.101
MinimumVisualStudioVersion = 10.0.40219.1
Project("{FAE04EC0-301F-11D3-BF4B-00C04F79EFBC}") = "mod2", "mod2.csproj", "{17365785-3246-4A56-A9A1-960AAD8BB4ED}"
EndProject
Global
	GlobalSection(SolutionConfigurationPlatforms) = preSolution
		Debug|Any CPU = Debug|Any CPU
		Release|Any CPU = Release|Any CPU
	EndGlobalSection
	GlobalSection(ProjectConfigurationPlatforms) = postSolution
		{17365785-3246-4A56-A9A1-960AAD8BB4ED}.Debug|Any CPU.ActiveCfg = Debug|Any CPU
		{17365785-3246-4A56-A9A1-960AAD8BB4ED}.Debug|Any CPU.Build.0 = Debug|Any CPU
		{17365785-3246-4A56-A9A1-960AAD8BB4ED}.Release|Any CPU.ActiveCfg = Release|Any CPU
		{17365785-3246-4A56-A9A1-960AAD8BB4ED}.Release|Any CPU.Build.0 = Release|Any CPU
	EndGlobalSection
	GlobalSection(SolutionProperties) = preSolution
		HideSolutionNode = FALSE
	EndGlobalSection
	GlobalSection(ExtensibilityGlobals) = postSolution
		SolutionGuid = {B4637578-7613-4F14-97D7-B260224CBAC9}
	EndGlobalSection
EndGlobal
