
Microsoft Visual Studio Solution File, Format Version 12.00
# Visual Studio Version 16
VisualStudioVersion = 16.0.30907.101
MinimumVisualStudioVersion = 10.0.40219.1
Project("{FAE04EC0-301F-11D3-BF4B-00C04F79EFBC}") = "ValueTypes", "ValueTypes.csproj", "{BD194D35-B575-46FD-B9E5-3A03AE0AAA74}"
EndProject
Global
	GlobalSection(SolutionConfigurationPlatforms) = preSolution
		Debug|Any CPU = Debug|Any CPU
		Release|Any CPU = Release|Any CPU
	EndGlobalSection
	GlobalSection(ProjectConfigurationPlatforms) = postSolution
		{BD194D35-B575-46FD-B9E5-3A03AE0AAA74}.Debug|Any CPU.ActiveCfg = Debug|Any CPU
		{BD194D35-B575-46FD-B9E5-3A03AE0AAA74}.Debug|Any CPU.Build.0 = Debug|Any CPU
		{BD194D35-B575-46FD-B9E5-3A03AE0AAA74}.Release|Any CPU.ActiveCfg = Release|Any CPU
		{BD194D35-B575-46FD-B9E5-3A03AE0AAA74}.Release|Any CPU.Build.0 = Release|Any CPU
	EndGlobalSection
	GlobalSection(SolutionProperties) = preSolution
		HideSolutionNode = FALSE
	EndGlobalSection
	GlobalSection(ExtensibilityGlobals) = postSolution
		SolutionGuid = {7759D21A-80CF-4BF0-BED9-ECD8C81BA643}
	EndGlobalSection
EndGlobal
