
Microsoft Visual Studio Solution File, Format Version 12.00
# Visual Studio Version 16
VisualStudioVersion = 16.0.30907.101
MinimumVisualStudioVersion = 10.0.40219.1
Project("{FAE04EC0-301F-11D3-BF4B-00C04F79EFBC}") = "MethodsAndOperators", "MethodsAndOperators.csproj", "{7732EA28-539F-4140-BBFE-C5E8289BD60C}"
EndProject
Global
	GlobalSection(SolutionConfigurationPlatforms) = preSolution
		Debug|Any CPU = Debug|Any CPU
		Release|Any CPU = Release|Any CPU
	EndGlobalSection
	GlobalSection(ProjectConfigurationPlatforms) = postSolution
		{7732EA28-539F-4140-BBFE-C5E8289BD60C}.Debug|Any CPU.ActiveCfg = Debug|Any CPU
		{7732EA28-539F-4140-BBFE-C5E8289BD60C}.Debug|Any CPU.Build.0 = Debug|Any CPU
		{7732EA28-539F-4140-BBFE-C5E8289BD60C}.Release|Any CPU.ActiveCfg = Release|Any CPU
		{7732EA28-539F-4140-BBFE-C5E8289BD60C}.Release|Any CPU.Build.0 = Release|Any CPU
	EndGlobalSection
	GlobalSection(SolutionProperties) = preSolution
		HideSolutionNode = FALSE
	EndGlobalSection
	GlobalSection(ExtensibilityGlobals) = postSolution
		SolutionGuid = {D1E0F63A-9EEA-4C6E-B025-D1BBD93C2586}
	EndGlobalSection
EndGlobal
