
Microsoft Visual Studio Solution File, Format Version 12.00
# Visual Studio Version 16
VisualStudioVersion = 16.0.30907.101
MinimumVisualStudioVersion = 10.0.40219.1
Project("{9A19103F-16F7-4668-BE54-9A1E7A4F7556}") = "ReflectionProject", "ReflectionProject.csproj", "{F1922DE4-C5F0-4E8E-BC71-390DDB095096}"
EndProject
Global
	GlobalSection(SolutionConfigurationPlatforms) = preSolution
		Debug|Any CPU = Debug|Any CPU
		Release|Any CPU = Release|Any CPU
	EndGlobalSection
	GlobalSection(ProjectConfigurationPlatforms) = postSolution
		{F1922DE4-C5F0-4E8E-BC71-390DDB095096}.Debug|Any CPU.ActiveCfg = Debug|Any CPU
		{F1922DE4-C5F0-4E8E-BC71-390DDB095096}.Debug|Any CPU.Build.0 = Debug|Any CPU
		{F1922DE4-C5F0-4E8E-BC71-390DDB095096}.Release|Any CPU.ActiveCfg = Release|Any CPU
		{F1922DE4-C5F0-4E8E-BC71-390DDB095096}.Release|Any CPU.Build.0 = Release|Any CPU
	EndGlobalSection
	GlobalSection(SolutionProperties) = preSolution
		HideSolutionNode = FALSE
	EndGlobalSection
	GlobalSection(ExtensibilityGlobals) = postSolution
		SolutionGuid = {8A732B8E-D3CE-4208-8091-A191F0D039B1}
	EndGlobalSection
EndGlobal
